
Microsoft Visual Studio Solution File, Format Version 12.00
# Visual Studio Version 17
VisualStudioVersion = 17.12.35527.113
MinimumVisualStudioVersion = 10.0.40219.1
Project("{FAE04EC0-301F-11D3-BF4B-00C04F79EFBC}") = "LR_9_T1", "LR_9_T1\LR_9_T1.csproj", "{8D328C9A-C2D9-4F36-9382-019D20ABC929}"
EndProject
Project("{FAE04EC0-301F-11D3-BF4B-00C04F79EFBC}") = "Test", "ConsoleApp1\Test.csproj", "{FC80C6C1-E48C-4948-854F-A54FDC08F4C0}"
EndProject
Project("{FAE04EC0-301F-11D3-BF4B-00C04F79EFBC}") = "LR_9_T2", "LR_9_T2\LR_9_T2.csproj", "{789A6B30-C788-428A-A6DB-92C46A7798CD}"
EndProject
Project("{FAE04EC0-301F-11D3-BF4B-00C04F79EFBC}") = "LR_9_T3", "LR_9_T3\LR_9_T3.csproj", "{D1DF2B4D-48E6-4A1D-B35D-6A7C876ED8D6}"
EndProject
Project("{2150E333-8FDC-42A3-9474-1A3956D46DE8}") = "LR9", "LR9", "{F3353B98-1A50-4C85-B4B1-F540B46396D0}"
EndProject
Project("{2150E333-8FDC-42A3-9474-1A3956D46DE8}") = "LR10", "LR10", "{5515DD01-CE98-4ED7-8949-9D37708A162A}"
EndProject
Project("{FAE04EC0-301F-11D3-BF4B-00C04F79EFBC}") = "LR10_T1", "LR10_T1\LR10_T1.csproj", "{7B36BEFC-335D-4920-81FA-075EE7909BF8}"
EndProject
Project("{FAE04EC0-301F-11D3-BF4B-00C04F79EFBC}") = "LR10_T2", "LR10_T2\LR10_T2.csproj", "{184CB543-B8A4-408A-BAA6-A752BD625EA2}"
EndProject
Project("{FAE04EC0-301F-11D3-BF4B-00C04F79EFBC}") = "LR10_T3", "LR10_T3\LR10_T3.csproj", "{AE959D06-EE52-4B1A-8D1C-B495152A5932}"
EndProject
Project("{2150E333-8FDC-42A3-9474-1A3956D46DE8}") = "LR12", "LR12", "{767555D9-BDD5-45CA-A373-CFA16B994FBA}"
EndProject
Project("{FAE04EC0-301F-11D3-BF4B-00C04F79EFBC}") = "LR12_Task1", "LR12_Task1\LR12_Task1.csproj", "{2FA315FC-4F09-48E3-9DF2-09E7F57628C4}"
EndProject
Global
	GlobalSection(SolutionConfigurationPlatforms) = preSolution
		Debug|Any CPU = Debug|Any CPU
		Release|Any CPU = Release|Any CPU
	EndGlobalSection
	GlobalSection(ProjectConfigurationPlatforms) = postSolution
		{8D328C9A-C2D9-4F36-9382-019D20ABC929}.Debug|Any CPU.ActiveCfg = Debug|Any CPU
		{8D328C9A-C2D9-4F36-9382-019D20ABC929}.Debug|Any CPU.Build.0 = Debug|Any CPU
		{8D328C9A-C2D9-4F36-9382-019D20ABC929}.Release|Any CPU.ActiveCfg = Release|Any CPU
		{8D328C9A-C2D9-4F36-9382-019D20ABC929}.Release|Any CPU.Build.0 = Release|Any CPU
		{FC80C6C1-E48C-4948-854F-A54FDC08F4C0}.Debug|Any CPU.ActiveCfg = Debug|Any CPU
		{FC80C6C1-E48C-4948-854F-A54FDC08F4C0}.Debug|Any CPU.Build.0 = Debug|Any CPU
		{FC80C6C1-E48C-4948-854F-A54FDC08F4C0}.Release|Any CPU.ActiveCfg = Release|Any CPU
		{FC80C6C1-E48C-4948-854F-A54FDC08F4C0}.Release|Any CPU.Build.0 = Release|Any CPU
		{789A6B30-C788-428A-A6DB-92C46A7798CD}.Debug|Any CPU.ActiveCfg = Debug|Any CPU
		{789A6B30-C788-428A-A6DB-92C46A7798CD}.Debug|Any CPU.Build.0 = Debug|Any CPU
		{789A6B30-C788-428A-A6DB-92C46A7798CD}.Release|Any CPU.ActiveCfg = Release|Any CPU
		{789A6B30-C788-428A-A6DB-92C46A7798CD}.Release|Any CPU.Build.0 = Release|Any CPU
		{D1DF2B4D-48E6-4A1D-B35D-6A7C876ED8D6}.Debug|Any CPU.ActiveCfg = Debug|Any CPU
		{D1DF2B4D-48E6-4A1D-B35D-6A7C876ED8D6}.Debug|Any CPU.Build.0 = Debug|Any CPU
		{D1DF2B4D-48E6-4A1D-B35D-6A7C876ED8D6}.Release|Any CPU.ActiveCfg = Release|Any CPU
		{D1DF2B4D-48E6-4A1D-B35D-6A7C876ED8D6}.Release|Any CPU.Build.0 = Release|Any CPU
		{7B36BEFC-335D-4920-81FA-075EE7909BF8}.Debug|Any CPU.ActiveCfg = Debug|Any CPU
		{7B36BEFC-335D-4920-81FA-075EE7909BF8}.Debug|Any CPU.Build.0 = Debug|Any CPU
		{7B36BEFC-335D-4920-81FA-075EE7909BF8}.Release|Any CPU.ActiveCfg = Release|Any CPU
		{7B36BEFC-335D-4920-81FA-075EE7909BF8}.Release|Any CPU.Build.0 = Release|Any CPU
		{184CB543-B8A4-408A-BAA6-A752BD625EA2}.Debug|Any CPU.ActiveCfg = Debug|Any CPU
		{184CB543-B8A4-408A-BAA6-A752BD625EA2}.Debug|Any CPU.Build.0 = Debug|Any CPU
		{184CB543-B8A4-408A-BAA6-A752BD625EA2}.Release|Any CPU.ActiveCfg = Release|Any CPU
		{184CB543-B8A4-408A-BAA6-A752BD625EA2}.Release|Any CPU.Build.0 = Release|Any CPU
		{AE959D06-EE52-4B1A-8D1C-B495152A5932}.Debug|Any CPU.ActiveCfg = Debug|Any CPU
		{AE959D06-EE52-4B1A-8D1C-B495152A5932}.Debug|Any CPU.Build.0 = Debug|Any CPU
		{AE959D06-EE52-4B1A-8D1C-B495152A5932}.Release|Any CPU.ActiveCfg = Release|Any CPU
		{AE959D06-EE52-4B1A-8D1C-B495152A5932}.Release|Any CPU.Build.0 = Release|Any CPU
		{2FA315FC-4F09-48E3-9DF2-09E7F57628C4}.Debug|Any CPU.ActiveCfg = Debug|Any CPU
		{2FA315FC-4F09-48E3-9DF2-09E7F57628C4}.Debug|Any CPU.Build.0 = Debug|Any CPU
		{2FA315FC-4F09-48E3-9DF2-09E7F57628C4}.Release|Any CPU.ActiveCfg = Release|Any CPU
		{2FA315FC-4F09-48E3-9DF2-09E7F57628C4}.Release|Any CPU.Build.0 = Release|Any CPU
	EndGlobalSection
	GlobalSection(SolutionProperties) = preSolution
		HideSolutionNode = FALSE
	EndGlobalSection
	GlobalSection(NestedProjects) = preSolution
		{8D328C9A-C2D9-4F36-9382-019D20ABC929} = {F3353B98-1A50-4C85-B4B1-F540B46396D0}
		{789A6B30-C788-428A-A6DB-92C46A7798CD} = {F3353B98-1A50-4C85-B4B1-F540B46396D0}
		{D1DF2B4D-48E6-4A1D-B35D-6A7C876ED8D6} = {F3353B98-1A50-4C85-B4B1-F540B46396D0}
		{7B36BEFC-335D-4920-81FA-075EE7909BF8} = {5515DD01-CE98-4ED7-8949-9D37708A162A}
		{184CB543-B8A4-408A-BAA6-A752BD625EA2} = {5515DD01-CE98-4ED7-8949-9D37708A162A}
		{AE959D06-EE52-4B1A-8D1C-B495152A5932} = {5515DD01-CE98-4ED7-8949-9D37708A162A}
		{2FA315FC-4F09-48E3-9DF2-09E7F57628C4} = {767555D9-BDD5-45CA-A373-CFA16B994FBA}
	EndGlobalSection
EndGlobal
